packages:
  - name: dbt_utils
    package: dbt-labs/dbt_utils
    version: 1.3.1
  - name: dbt_expectations
    package: metaplane/dbt_expectations
    version: 0.10.9
  - name: audit_helper
    package: dbt-labs/audit_helper
    version: 0.12.1
  - name: dbt_date
    package: godatadriven/dbt_date
    version: 0.16.1
sha1_hash: 89f21c27a72b564c74b7ad2dc87792b05560c0c1
